
Microsoft Visual Studio Solution File, Format Version 12.00
# Visual Studio Version 17
VisualStudioVersion = 17.7.34024.191
MinimumVisualStudioVersion = 10.0.40219.1
Project("{FAE04EC0-301F-11D3-BF4B-00C04F79EFBC}") = "SampleWebApi", "SampleWebApi\SampleWebApi.csproj", "{9248DA43-70A6-4B60-92D8-15EF656E70BD}"
EndProject
Project("{E53339B2-1760-4266-BCC7-CA923CBCF16C}") = "docker-compose", "docker-compose.dcproj", "{2E22755C-B63F-4AA7-99CF-3185CCB363EF}"
EndProject
Global
	GlobalSection(SolutionConfigurationPlatforms) = preSolution
		Debug|Any CPU = Debug|Any CPU
		Release|Any CPU = Release|Any CPU
	EndGlobalSection
	GlobalSection(ProjectConfigurationPlatforms) = postSolution
		{9248DA43-70A6-4B60-92D8-15EF656E70BD}.Debug|Any CPU.ActiveCfg = Debug|Any CPU
		{9248DA43-70A6-4B60-92D8-15EF656E70BD}.Debug|Any CPU.Build.0 = Debug|Any CPU
		{9248DA43-70A6-4B60-92D8-15EF656E70BD}.Release|Any CPU.ActiveCfg = Release|Any CPU
		{9248DA43-70A6-4B60-92D8-15EF656E70BD}.Release|Any CPU.Build.0 = Release|Any CPU
		{2E22755C-B63F-4AA7-99CF-3185CCB363EF}.Debug|Any CPU.ActiveCfg = Debug|Any CPU
		{2E22755C-B63F-4AA7-99CF-3185CCB363EF}.Debug|Any CPU.Build.0 = Debug|Any CPU
		{2E22755C-B63F-4AA7-99CF-3185CCB363EF}.Release|Any CPU.ActiveCfg = Release|Any CPU
		{2E22755C-B63F-4AA7-99CF-3185CCB363EF}.Release|Any CPU.Build.0 = Release|Any CPU
	EndGlobalSection
	GlobalSection(SolutionProperties) = preSolution
		HideSolutionNode = FALSE
	EndGlobalSection
	GlobalSection(ExtensibilityGlobals) = postSolution
		SolutionGuid = {E29494EE-FF21-4BBA-89BD-327D8FF23E71}
	EndGlobalSection
EndGlobal
